
Microsoft Visual Studio Solution File, Format Version 12.00
# Visual Studio 2017
Project("{FAE04EC0-301F-11D3-BF4B-00C04F79EFBC}") = "MerchanTale", "MerchanTale.csproj", "{7A1560B5-59B5-D392-D131-7897F6435F51}"
EndProject
Project("{FAE04EC0-301F-11D3-BF4B-00C04F79EFBC}") = "MerchanTale.Plugins", "MerchanTale.Plugins.csproj", "{3E8E4740-091B-DE62-D4A3-752C5458D245}"
EndProject
Project("{FAE04EC0-301F-11D3-BF4B-00C04F79EFBC}") = "MerchanTale.Editor", "MerchanTale.Editor.csproj", "{B0C8E977-F82C-F393-98AD-CF716BFF9FF4}"
EndProject
Project("{FAE04EC0-301F-11D3-BF4B-00C04F79EFBC}") = "MerchanTale.Editor.Plugins", "MerchanTale.Editor.Plugins.csproj", "{63241184-D313-D413-A713-3EE2FA00DE00}"
EndProject
Global
	GlobalSection(SolutionConfigurationPlatforms) = preSolution
		Debug|Any CPU = Debug|Any CPU
		Release|Any CPU = Release|Any CPU
	EndGlobalSection
	GlobalSection(ProjectConfigurationPlatforms) = postSolution
		{7A1560B5-59B5-D392-D131-7897F6435F51}.Debug|Any CPU.ActiveCfg = Debug|Any CPU
		{7A1560B5-59B5-D392-D131-7897F6435F51}.Debug|Any CPU.Build.0 = Debug|Any CPU
		{7A1560B5-59B5-D392-D131-7897F6435F51}.Release|Any CPU.ActiveCfg = Release|Any CPU
		{7A1560B5-59B5-D392-D131-7897F6435F51}.Release|Any CPU.Build.0 = Release|Any CPU
		{3E8E4740-091B-DE62-D4A3-752C5458D245}.Debug|Any CPU.ActiveCfg = Debug|Any CPU
		{3E8E4740-091B-DE62-D4A3-752C5458D245}.Debug|Any CPU.Build.0 = Debug|Any CPU
		{3E8E4740-091B-DE62-D4A3-752C5458D245}.Release|Any CPU.ActiveCfg = Release|Any CPU
		{3E8E4740-091B-DE62-D4A3-752C5458D245}.Release|Any CPU.Build.0 = Release|Any CPU
		{B0C8E977-F82C-F393-98AD-CF716BFF9FF4}.Debug|Any CPU.ActiveCfg = Debug|Any CPU
		{B0C8E977-F82C-F393-98AD-CF716BFF9FF4}.Debug|Any CPU.Build.0 = Debug|Any CPU
		{B0C8E977-F82C-F393-98AD-CF716BFF9FF4}.Release|Any CPU.ActiveCfg = Release|Any CPU
		{B0C8E977-F82C-F393-98AD-CF716BFF9FF4}.Release|Any CPU.Build.0 = Release|Any CPU
		{63241184-D313-D413-A713-3EE2FA00DE00}.Debug|Any CPU.ActiveCfg = Debug|Any CPU
		{63241184-D313-D413-A713-3EE2FA00DE00}.Debug|Any CPU.Build.0 = Debug|Any CPU
		{63241184-D313-D413-A713-3EE2FA00DE00}.Release|Any CPU.ActiveCfg = Release|Any CPU
		{63241184-D313-D413-A713-3EE2FA00DE00}.Release|Any CPU.Build.0 = Release|Any CPU
	EndGlobalSection
	GlobalSection(SolutionProperties) = preSolution
		HideSolutionNode = FALSE
	EndGlobalSection
EndGlobal
